<?xml version="1.0" encoding="utf-8"?>
<Project ToolsVersion="4.0" xmlns="http://schemas.microsoft.com/developer/msbuild/2003">
  <ItemGroup>
    <ClCompile Include="Source\OpenGL\OpenGLContext.cpp">
      <Filter>OpenGL</Filter>
    </ClCompile>
    <ClCompile Include="Source\OpenGL\Shader.cpp">
      <Filter>OpenGL</Filter>
    </ClCompile>
    <ClCompile Include="Source\Window\Window.cpp">
      <Filter>Window</Filter>
    </ClCompile>
    <ClCompile Include="Source\Main.cpp" />
    <ClCompile Include="Source\Geometry\Sphere.cpp">
      <Filter>Geometry</Filter>
    </ClCompile>
    <ClCompile Include="Source\Scene.cpp" />
    <ClCompile Include="Source\Lighting\PointLight.cpp">
      <Filter>Lighting</Filter>
    </ClCompile>
    <ClCompile Include="Source\Materials\BasicMaterial.cpp">
      <Filter>Materials</Filter>
    </ClCompile>
    <ClCompile Include="Source\Geometry\Object.cpp">
      <Filter>Geometry</Filter>
    </ClCompile>
    <ClCompile Include="Source\Geometry\Triangle.cpp">
      <Filter>Geometry</Filter>
    </ClCompile>
  </ItemGroup>
  <ItemGroup>
    <ClInclude Include="Source\OpenGL\GL.h">
      <Filter>OpenGL</Filter>
    </ClInclude>
    <ClInclude Include="Source\OpenGL\OpenGLContext.h">
      <Filter>OpenGL</Filter>
    </ClInclude>
    <ClInclude Include="Source\OpenGL\Shader.h">
      <Filter>OpenGL</Filter>
    </ClInclude>
    <ClInclude Include="Source\Settings\Settings.h">
      <Filter>Settings</Filter>
    </ClInclude>
    <ClInclude Include="Source\Window\Window.h">
      <Filter>Window</Filter>
    </ClInclude>
    <ClInclude Include="Source\Geometry\Sphere.h">
      <Filter>Geometry</Filter>
    </ClInclude>
    <ClInclude Include="Source\Scene.h" />
    <ClInclude Include="Source\Debugging\Macros.h">
      <Filter>Debugging</Filter>
    </ClInclude>
    <ClInclude Include="Source\Lighting\PointLight.h">
      <Filter>Lighting</Filter>
    </ClInclude>
    <ClInclude Include="Source\Materials\BasicMaterial.h">
      <Filter>Materials</Filter>
    </ClInclude>
    <ClInclude Include="Source\Geometry\Object.h">
      <Filter>Geometry</Filter>
    </ClInclude>
    <ClInclude Include="Source\Geometry\Triangle.h">
      <Filter>Geometry</Filter>
    </ClInclude>
    <ClInclude Include="Source\IO\Keyboard.h">
      <Filter>Input</Filter>
    </ClInclude>
  </ItemGroup>
  <ItemGroup>
    <Filter Include="Settings">
      <UniqueIdentifier>{ed143242-6549-432b-9459-d16029cf09b2}</UniqueIdentifier>
    </Filter>
    <Filter Include="OpenGL">
      <UniqueIdentifier>{16389e4f-624f-45f6-8aab-875c6cd39fa7}</UniqueIdentifier>
    </Filter>
    <Filter Include="Window">
      <UniqueIdentifier>{3d09d642-90cf-4767-bf3f-17985e5dea80}</UniqueIdentifier>
    </Filter>
    <Filter Include="Shaders">
      <UniqueIdentifier>{087ce2cf-d69e-4d37-a1e5-52ff3273f14c}</UniqueIdentifier>
    </Filter>
    <Filter Include="Geometry">
      <UniqueIdentifier>{5674ccc9-925b-4ca4-8f64-807af478fd2c}</UniqueIdentifier>
    </Filter>
    <Filter Include="Debugging">
      <UniqueIdentifier>{82ace2a7-4b5f-4eda-8b66-7d39e8cc6970}</UniqueIdentifier>
    </Filter>
    <Filter Include="Lighting">
      <UniqueIdentifier>{90caf1dc-fc3b-4c7e-858c-43326f6872b3}</UniqueIdentifier>
    </Filter>
    <Filter Include="Materials">
      <UniqueIdentifier>{43b79088-44fb-43d1-8eb5-03a15e962647}</UniqueIdentifier>
    </Filter>
    <Filter Include="Input">
      <UniqueIdentifier>{c40464f6-be78-445c-9869-40be414a34bd}</UniqueIdentifier>
    </Filter>
  </ItemGroup>
  <ItemGroup>
    <None Include="Source\Shaders\Shader.comp">
      <Filter>Shaders</Filter>
    </None>
    <None Include="Source\Shaders\Shader.frag">
      <Filter>Shaders</Filter>
    </None>
    <None Include="Source\Shaders\Shader.vert">
      <Filter>Shaders</Filter>
    </None>
  </ItemGroup>
</Project>